
Microsoft Visual Studio Solution File, Format Version 12.00
# Visual Studio Version 16
VisualStudioVersion = 16.0.29911.84
MinimumVisualStudioVersion = 10.0.40219.1
Project("{FAE04EC0-301F-11D3-BF4B-00C04F79EFBC}") = "Klient", "Klient.csproj", "{AA03D90C-4600-43CD-A46E-B2405B06D2F9}"
EndProject
Global
	GlobalSection(SolutionConfigurationPlatforms) = preSolution
		Debug|Any CPU = Debug|Any CPU
		Release|Any CPU = Release|Any CPU
	EndGlobalSection
	GlobalSection(ProjectConfigurationPlatforms) = postSolution
		{AA03D90C-4600-43CD-A46E-B2405B06D2F9}.Debug|Any CPU.ActiveCfg = Debug|Any CPU
		{AA03D90C-4600-43CD-A46E-B2405B06D2F9}.Debug|Any CPU.Build.0 = Debug|Any CPU
		{AA03D90C-4600-43CD-A46E-B2405B06D2F9}.Release|Any CPU.ActiveCfg = Release|Any CPU
		{AA03D90C-4600-43CD-A46E-B2405B06D2F9}.Release|Any CPU.Build.0 = Release|Any CPU
	EndGlobalSection
	GlobalSection(SolutionProperties) = preSolution
		HideSolutionNode = FALSE
	EndGlobalSection
	GlobalSection(ExtensibilityGlobals) = postSolution
		SolutionGuid = {FBE71BAE-1A80-48F7-AE31-E4B9156C48FB}
	EndGlobalSection
EndGlobal
